
Microsoft Visual Studio Solution File, Format Version 12.00
# Visual Studio 15
Project("{FAE04EC0-301F-11D3-BF4B-00C04F79EFBC}") = "Assembly-CSharp", "Assembly-CSharp.csproj", "{128A0B34-14AC-D7DC-D88E-F0E7DEBA2865}"
EndProject
Project("{FAE04EC0-301F-11D3-BF4B-00C04F79EFBC}") = "MTE_script", "MTE_script.csproj", "{5FC05462-325E-BDF3-8624-E3242B89CEBC}"
EndProject
Project("{FAE04EC0-301F-11D3-BF4B-00C04F79EFBC}") = "Assembly-CSharp-Editor", "Assembly-CSharp-Editor.csproj", "{27C63BC4-A595-5CB0-C2E5-5021F8A0D9C2}"
EndProject
Global
	GlobalSection(SolutionConfigurationPlatforms) = preSolution
		Debug|Any CPU = Debug|Any CPU
		Release|Any CPU = Release|Any CPU
	EndGlobalSection
	GlobalSection(ProjectConfigurationPlatforms) = postSolution
		{128A0B34-14AC-D7DC-D88E-F0E7DEBA2865}.Debug|Any CPU.ActiveCfg = Debug|Any CPU
		{128A0B34-14AC-D7DC-D88E-F0E7DEBA2865}.Debug|Any CPU.Build.0 = Debug|Any CPU
		{128A0B34-14AC-D7DC-D88E-F0E7DEBA2865}.Release|Any CPU.ActiveCfg = Release|Any CPU
		{128A0B34-14AC-D7DC-D88E-F0E7DEBA2865}.Release|Any CPU.Build.0 = Release|Any CPU
		{5FC05462-325E-BDF3-8624-E3242B89CEBC}.Debug|Any CPU.ActiveCfg = Debug|Any CPU
		{5FC05462-325E-BDF3-8624-E3242B89CEBC}.Debug|Any CPU.Build.0 = Debug|Any CPU
		{5FC05462-325E-BDF3-8624-E3242B89CEBC}.Release|Any CPU.ActiveCfg = Release|Any CPU
		{5FC05462-325E-BDF3-8624-E3242B89CEBC}.Release|Any CPU.Build.0 = Release|Any CPU
		{27C63BC4-A595-5CB0-C2E5-5021F8A0D9C2}.Debug|Any CPU.ActiveCfg = Debug|Any CPU
		{27C63BC4-A595-5CB0-C2E5-5021F8A0D9C2}.Debug|Any CPU.Build.0 = Debug|Any CPU
		{27C63BC4-A595-5CB0-C2E5-5021F8A0D9C2}.Release|Any CPU.ActiveCfg = Release|Any CPU
		{27C63BC4-A595-5CB0-C2E5-5021F8A0D9C2}.Release|Any CPU.Build.0 = Release|Any CPU
	EndGlobalSection
	GlobalSection(SolutionProperties) = preSolution
		HideSolutionNode = FALSE
	EndGlobalSection
EndGlobal
